
Microsoft Visual Studio Solution File, Format Version 12.00
# Visual Studio 15
VisualStudioVersion = 15.0.28307.136
MinimumVisualStudioVersion = 10.0.40219.1
Project("{FAE04EC0-301F-11D3-BF4B-00C04F79EFBC}") = "QueueControl", "QueueControl\QueueControl.csproj", "{B6C66CF5-AAAD-4CE5-A8D5-4672D3400878}"
EndProject
Global
	GlobalSection(SolutionConfigurationPlatforms) = preSolution
		Debug|Any CPU = Debug|Any CPU
		Release|Any CPU = Release|Any CPU
	EndGlobalSection
	GlobalSection(ProjectConfigurationPlatforms) = postSolution
		{B6C66CF5-AAAD-4CE5-A8D5-4672D3400878}.Debug|Any CPU.ActiveCfg = Debug|Any CPU
		{B6C66CF5-AAAD-4CE5-A8D5-4672D3400878}.Debug|Any CPU.Build.0 = Debug|Any CPU
		{B6C66CF5-AAAD-4CE5-A8D5-4672D3400878}.Release|Any CPU.ActiveCfg = Release|Any CPU
		{B6C66CF5-AAAD-4CE5-A8D5-4672D3400878}.Release|Any CPU.Build.0 = Release|Any CPU
	EndGlobalSection
	GlobalSection(SolutionProperties) = preSolution
		HideSolutionNode = FALSE
	EndGlobalSection
	GlobalSection(ExtensibilityGlobals) = postSolution
		SolutionGuid = {37C42754-BEF6-4B4E-923B-0902C7BF3C8B}
	EndGlobalSection
EndGlobal
